
Microsoft Visual Studio Solution File, Format Version 12.00
# Visual Studio Version 16
VisualStudioVersion = 16.0.31911.196
MinimumVisualStudioVersion = 10.0.40219.1
Project("{9A19103F-16F7-4668-BE54-9A1E7A4F7556}") = "Thron", "Thron\Thron.csproj", "{21EA3BC5-71C5-4FD6-9836-06AD1501E581}"
EndProject
Project("{9A19103F-16F7-4668-BE54-9A1E7A4F7556}") = "ThronTest", "ThronTest\ThronTest.csproj", "{EE8024EE-551A-4257-9266-D20C4D3D6637}"
EndProject
Global
	GlobalSection(SolutionConfigurationPlatforms) = preSolution
		Debug|Any CPU = Debug|Any CPU
		Release|Any CPU = Release|Any CPU
	EndGlobalSection
	GlobalSection(ProjectConfigurationPlatforms) = postSolution
		{21EA3BC5-71C5-4FD6-9836-06AD1501E581}.Debug|Any CPU.ActiveCfg = Debug|Any CPU
		{21EA3BC5-71C5-4FD6-9836-06AD1501E581}.Debug|Any CPU.Build.0 = Debug|Any CPU
		{21EA3BC5-71C5-4FD6-9836-06AD1501E581}.Release|Any CPU.ActiveCfg = Release|Any CPU
		{21EA3BC5-71C5-4FD6-9836-06AD1501E581}.Release|Any CPU.Build.0 = Release|Any CPU
		{EE8024EE-551A-4257-9266-D20C4D3D6637}.Debug|Any CPU.ActiveCfg = Debug|Any CPU
		{EE8024EE-551A-4257-9266-D20C4D3D6637}.Debug|Any CPU.Build.0 = Debug|Any CPU
		{EE8024EE-551A-4257-9266-D20C4D3D6637}.Release|Any CPU.ActiveCfg = Release|Any CPU
		{EE8024EE-551A-4257-9266-D20C4D3D6637}.Release|Any CPU.Build.0 = Release|Any CPU
	EndGlobalSection
	GlobalSection(SolutionProperties) = preSolution
		HideSolutionNode = FALSE
	EndGlobalSection
	GlobalSection(ExtensibilityGlobals) = postSolution
		SolutionGuid = {5025DD47-EF8A-4BC4-A5F6-42C59D299745}
	EndGlobalSection
EndGlobal
